{
  "name": "exodiumjs",
  "version": "0.0.1",
  "lockfileVersion": 2,
  "requires": true,
  "packages": {
    "": {
      "name": "exodiumjs",
      "version": "0.0.1",
      "license": "GNU-3.0",
      "dependencies": {
        "bbmc-binarystream": "git+https://github.com/BlueBirdMC/BinaryStream.git",
        "bbmc-nbt": "git+https://github.com/BlueBirdMC/NBT.git",
        "bbmc-raknet": "git+https://github.com/BlueBirdMC/RakNet.git",
        "uuid-js": "^0.7.5"
      },
      "devDependencies": {
        "time-stamp": "^2.2.0"
      }
    },
    "node_modules/bbmc-binarystream": {
      "version": "1.0.0",
      "resolved": "git+ssh://git@github.com/BlueBirdMC/BinaryStream.git#929388ee9165249b4c3e6b4b1e8d3ed783c63f27",
      "license": "GPL-3.0"
    },
    "node_modules/bbmc-nbt": {
      "version": "1.0.0",
      "resolved": "git+ssh://git@github.com/BlueBirdMC/NBT.git#c32142693508eee74bbc38fd2f7d032b38a67b67",
      "license": "GPL-3.0-or-later",
      "dependencies": {
        "bbmc-binarystream": "^1.0.0"
      }
    },
    "node_modules/bbmc-raknet": {
      "version": "1.0.3",
      "resolved": "git+ssh://git@github.com/BlueBirdMC/RakNet.git#c8f947956a997b5d41158898c3308d90e153fa33",
      "license": "GPL-3.0",
      "dependencies": {
        "bbmc-binarystream": "^1.0.0",
        "js-inet": "^0.2.0"
      }
    },
    "node_modules/js-inet": {
      "version": "0.2.0",
      "resolved": "https://registry.npmjs.org/js-inet/-/js-inet-0.2.0.tgz",
      "integrity": "sha512-DrH4I2yHj1FpVefHMiHssTkR5q9R7TqOv7Q2qcjuxnaBjZ268yiVXSZSNU9rWCppWFqd9TiAuLgsRYyCK7MNMQ=="
    },
    "node_modules/time-stamp": {
      "version": "2.2.0",
      "resolved": "https://registry.npmjs.org/time-stamp/-/time-stamp-2.2.0.tgz",
      "integrity": "sha512-zxke8goJQpBeEgD82CXABeMh0LSJcj7CXEd0OHOg45HgcofF7pxNwZm9+RknpxpDhwN4gFpySkApKfFYfRQnUA==",
      "dev": true,
      "engines": {
        "node": ">=0.10.0"
      }
    },
    "node_modules/uuid-js": {
      "version": "0.7.5",
      "resolved": "https://registry.npmjs.org/uuid-js/-/uuid-js-0.7.5.tgz",
      "integrity": "sha512-lJFducSMfVDO3E1wBe/zflgU25JbpX9KfF+g0k6OxIt9xeybdZd27n75vPg+4cLN55UKGjJ46w3K3q3l+8KgkQ==",
      "engines": {
        "node": ">= 0.4.0"
      }
    }
  },
  "dependencies": {
    "bbmc-binarystream": {
      "version": "git+ssh://git@github.com/BlueBirdMC/BinaryStream.git#929388ee9165249b4c3e6b4b1e8d3ed783c63f27",
      "from": "bbmc-binarystream@git+https://github.com/BlueBirdMC/BinaryStream.git"
    },
    "bbmc-nbt": {
      "version": "git+ssh://git@github.com/BlueBirdMC/NBT.git#c32142693508eee74bbc38fd2f7d032b38a67b67",
      "from": "bbmc-nbt@git+https://github.com/BlueBirdMC/NBT.git",
      "requires": {
        "bbmc-binarystream": "^1.0.0"
      }
    },
    "bbmc-raknet": {
      "version": "git+ssh://git@github.com/BlueBirdMC/RakNet.git#c8f947956a997b5d41158898c3308d90e153fa33",
      "from": "bbmc-raknet@git+https://github.com/BlueBirdMC/RakNet.git",
      "requires": {
        "bbmc-binarystream": "^1.0.0",
        "js-inet": "^0.2.0"
      }
    },
    "js-inet": {
      "version": "0.2.0",
      "resolved": "https://registry.npmjs.org/js-inet/-/js-inet-0.2.0.tgz",
      "integrity": "sha512-DrH4I2yHj1FpVefHMiHssTkR5q9R7TqOv7Q2qcjuxnaBjZ268yiVXSZSNU9rWCppWFqd9TiAuLgsRYyCK7MNMQ=="
    },
    "time-stamp": {
      "version": "2.2.0",
      "resolved": "https://registry.npmjs.org/time-stamp/-/time-stamp-2.2.0.tgz",
      "integrity": "sha512-zxke8goJQpBeEgD82CXABeMh0LSJcj7CXEd0OHOg45HgcofF7pxNwZm9+RknpxpDhwN4gFpySkApKfFYfRQnUA==",
      "dev": true
    },
    "uuid-js": {
      "version": "0.7.5",
      "resolved": "https://registry.npmjs.org/uuid-js/-/uuid-js-0.7.5.tgz",
      "integrity": "sha512-lJFducSMfVDO3E1wBe/zflgU25JbpX9KfF+g0k6OxIt9xeybdZd27n75vPg+4cLN55UKGjJ46w3K3q3l+8KgkQ=="
    }
  }
}
